PODS:
  - GPUImage (0.1.6)
  - InstagramAssetsPicker (0.1.3):
    - GPUImage (~> 0.1.6)
  - SVProgressHUD (1.1.3)

DEPENDENCIES:
  - InstagramAssetsPicker (from `/Users/CodyKo/Developer/InstagramAssetsPicker/InstagramAssetsPicker.podspec`)
  - SVProgressHUD

EXTERNAL SOURCES:
  InstagramAssetsPicker:
    :podspec: "/Users/CodyKo/Developer/InstagramAssetsPicker/InstagramAssetsPicker.podspec"

CHECKOUT OPTIONS:
  InstagramAssetsPicker:
    :commit: c17c0297ba8eb772a5bf81cc8f0a779e53cf5a5e
    :git: https://github.com/CodyKolodziejzyk/InstagramAssetsPicker.git

SPEC CHECKSUMS:
  GPUImage: 4675ce4a5370ca92fcea8623b2a08b8f0c51b940
  InstagramAssetsPicker: 249ad5dd11294222fd215d02dc858d87ae927606
  SVProgressHUD: 748080e4f36e603f6c02aec292664239df5279c1

COCOAPODS: 0.36.3
